
Microsoft Visual Studio Solution File, Format Version 12.00
# Visual Studio Version 16
VisualStudioVersion = 16.0.29911.84
MinimumVisualStudioVersion = 10.0.40219.1
Project("{FAE04EC0-301F-11D3-BF4B-00C04F79EFBC}") = "tut2", "tut2\tut2.csproj", "{B2ABAF7D-7947-4A37-B15B-3211257EC696}"
EndProject
Global
	GlobalSection(SolutionConfigurationPlatforms) = preSolution
		Debug|Any CPU = Debug|Any CPU
		Release|Any CPU = Release|Any CPU
	EndGlobalSection
	GlobalSection(ProjectConfigurationPlatforms) = postSolution
		{B2ABAF7D-7947-4A37-B15B-3211257EC696}.Debug|Any CPU.ActiveCfg = Debug|Any CPU
		{B2ABAF7D-7947-4A37-B15B-3211257EC696}.Debug|Any CPU.Build.0 = Debug|Any CPU
		{B2ABAF7D-7947-4A37-B15B-3211257EC696}.Release|Any CPU.ActiveCfg = Release|Any CPU
		{B2ABAF7D-7947-4A37-B15B-3211257EC696}.Release|Any CPU.Build.0 = Release|Any CPU
	EndGlobalSection
	GlobalSection(SolutionProperties) = preSolution
		HideSolutionNode = FALSE
	EndGlobalSection
	GlobalSection(ExtensibilityGlobals) = postSolution
		SolutionGuid = {D2F50E1A-06F7-4BEB-B82B-86531E117E7D}
	EndGlobalSection
EndGlobal
